<?xml version="1.0" encoding="utf-8"?>
<Project ToolsVersion="4.0" xmlns="http://schemas.microsoft.com/developer/msbuild/2003">
  <ItemGroup>
    <Filter Include="Source Files">
      <UniqueIdentifier>{4FC737F1-C7A5-4376-A066-2A32D752A2FF}</UniqueIdentifier>
      <Extensions>cpp;c;cc;cxx;c++;cppm;ixx;def;odl;idl;hpj;bat;asm;asmx</Extensions>
    </Filter>
    <Filter Include="Header Files">
      <UniqueIdentifier>{93995380-89BD-4b04-88EB-625FBE52EBFB}</UniqueIdentifier>
      <Extensions>h;hh;hpp;hxx;h++;hm;inl;inc;ipp;xsd</Extensions>
    </Filter>
    <Filter Include="Resource Files">
      <UniqueIdentifier>{67DA6AB6-F800-4c08-8B7A-83BB121AAD01}</UniqueIdentifier>
      <Extensions>rc;ico;cur;bmp;dlg;rc2;rct;bin;rgs;gif;jpg;jpeg;jpe;resx;tiff;tif;png;wav;mfcribbon-ms</Extensions>
    </Filter>
  </ItemGroup>
  <ItemGroup>
    <ClInclude Include="include\EngineCore\Platform\Window.hpp">
      <Filter>Header Files</Filter>
    </ClInclude>
    <ClInclude Include="pch.h">
      <Filter>Header Files</Filter>
    </ClInclude>
    <ClInclude Include="include\EngineCore\Graphics\Shader.hpp">
      <Filter>Header Files</Filter>
    </ClInclude>
    <ClInclude Include="include\EngineCore\IO\AssetPath.hpp">
      <Filter>Header Files</Filter>
    </ClInclude>
    <ClInclude Include="include\EngineCore\Graphics\Texture2D.hpp">
      <Filter>Header Files</Filter>
    </ClInclude>
    <ClInclude Include="include\EngineCore\Core\Application.hpp">
      <Filter>Header Files</Filter>
    </ClInclude>
    <ClInclude Include="include\EngineCore\Core\Layer.hpp">
      <Filter>Header Files</Filter>
    </ClInclude>
    <ClInclude Include="include\EngineCore\Core\Layerstack.hpp">
      <Filter>Header Files</Filter>
    </ClInclude>
    <ClInclude Include="include\EngineCore\Renderer\SpriteBatch.hpp">
      <Filter>Header Files</Filter>
    </ClInclude>
    <ClInclude Include="include\EngineCore\Renderer\detail\GL.hpp">
      <Filter>Header Files</Filter>
    </ClInclude>
    <ClInclude Include="include\EngineCore\Renderer\RenderCommon.hpp">
      <Filter>Header Files</Filter>
    </ClInclude>
    <ClInclude Include="include\EngineCore\Renderer\RenderDevice.hpp">
      <Filter>Header Files</Filter>
    </ClInclude>
    <ClInclude Include="include\EngineCore\Renderer\Immediate3D.hpp">
      <Filter>Header Files</Filter>
    </ClInclude>
    <ClInclude Include="include\EngineCore\Renderer\QuadVertex.hpp">
      <Filter>Header Files</Filter>
    </ClInclude>
    <ClInclude Include="include\EngineCore\Renderer\VoxelVertex.hpp">
      <Filter>Header Files</Filter>
    </ClInclude>
    <ClInclude Include="include\EngineCore\Renderer\Camera.hpp">
      <Filter>Header Files</Filter>
    </ClInclude>
    <ClInclude Include="include\EngineCore\Renderer\PerspectiveCamera.hpp">
      <Filter>Header Files</Filter>
    </ClInclude>
    <ClInclude Include="include\EngineCore\Renderer\OrthographicCamera.hpp">
      <Filter>Header Files</Filter>
    </ClInclude>
    <ClInclude Include="include\EngineCore\Events\Categories.hpp">
      <Filter>Header Files</Filter>
    </ClInclude>
    <ClInclude Include="include\EngineCore\Events\Types.hpp">
      <Filter>Header Files</Filter>
    </ClInclude>
    <ClInclude Include="include\EngineCore\Events\Header.hpp">
      <Filter>Header Files</Filter>
    </ClInclude>
    <ClInclude Include="include\EngineCore\Events\Payloads.hpp">
      <Filter>Header Files</Filter>
    </ClInclude>
    <ClInclude Include="include\EngineCore\Events\Modifiers.hpp">
      <Filter>Header Files</Filter>
    </ClInclude>
    <ClInclude Include="include\EngineCore\Events\Slot.hpp">
      <Filter>Header Files</Filter>
    </ClInclude>
    <ClInclude Include="include\EngineCore\Events\CaptureState.hpp">
      <Filter>Header Files</Filter>
    </ClInclude>
    <ClInclude Include="include\EngineCore\Events\InputState.hpp">
      <Filter>Header Files</Filter>
    </ClInclude>
    <ClInclude Include="include\EngineCore\Events\EventBus.hpp">
      <Filter>Header Files</Filter>
    </ClInclude>
    <ClInclude Include="include\EngineCore\Platform\Time.hpp">
      <Filter>Header Files</Filter>
    </ClInclude>
    <ClInclude Include="include\EngineCore\Events\Dispatcher.hpp">
      <Filter>Source Files</Filter>
    </ClInclude>
    <ClInclude Include="include\EngineCore\Events\Context.hpp">
      <Filter>Header Files</Filter>
    </ClInclude>
    <ClInclude Include="include\EngineCore\Platform\GlfwAdpter.hpp">
      <Filter>Header Files</Filter>
    </ClInclude>
    <ClInclude Include="include\EngineCore\Scene\Scene.hpp">
      <Filter>Header Files</Filter>
    </ClInclude>
    <ClInclude Include="include\EngineCore\Scene\Entities\EntityId.hpp">
      <Filter>Header Files</Filter>
    </ClInclude>
    <ClInclude Include="include\EngineCore\Scene\Containers\SparseSet.hpp">
      <Filter>Header Files</Filter>
    </ClInclude>
    <ClInclude Include="include\EngineCore\Core\BuildConfig.hpp">
      <Filter>Header Files</Filter>
    </ClInclude>
    <ClInclude Include="include\EngineCore\Core\Assert.hpp">
      <Filter>Header Files</Filter>
    </ClInclude>
    <ClInclude Include="include\EngineCore\Scene\Components\Transform.hpp">
      <Filter>Header Files</Filter>
    </ClInclude>
    <ClInclude Include="include\EngineCore\Scene\Registries\TransformRegistry.hpp">
      <Filter>Header Files</Filter>
    </ClInclude>
    <ClInclude Include="include\EngineCore\Renderer\RenderView.hpp">
      <Filter>Header Files</Filter>
    </ClInclude>
    <ClInclude Include="include\EngineCore\Renderer\SceneRenderer.hpp">
      <Filter>Header Files</Filter>
    </ClInclude>
  </ItemGroup>
  <ItemGroup>
    <ClCompile Include="src\Platform\Window.cpp">
      <Filter>Source Files</Filter>
    </ClCompile>
    <ClCompile Include="pch.cpp">
      <Filter>Source Files</Filter>
    </ClCompile>
    <ClCompile Include="src\Graphics\Shader.cpp">
      <Filter>Source Files</Filter>
    </ClCompile>
    <ClCompile Include="src\Graphics\Texture2D.cpp">
      <Filter>Source Files</Filter>
    </ClCompile>
    <ClCompile Include="src\Core\Application.cpp">
      <Filter>Source Files</Filter>
    </ClCompile>
    <ClCompile Include="src\Core\Layer.cpp">
      <Filter>Source Files</Filter>
    </ClCompile>
    <ClCompile Include="src\Core\Layerstack.cpp">
      <Filter>Source Files</Filter>
    </ClCompile>
    <ClCompile Include="src\Renderer\SpriteBatch.cpp">
      <Filter>Source Files</Filter>
    </ClCompile>
    <ClCompile Include="src\Renderer\RenderDevice.cpp">
      <Filter>Source Files</Filter>
    </ClCompile>
    <ClCompile Include="src\Renderer\Immediate3D.cpp">
      <Filter>Source Files</Filter>
    </ClCompile>
    <ClCompile Include="src\Renderer\PerspectiveCamera.cpp">
      <Filter>Source Files</Filter>
    </ClCompile>
    <ClCompile Include="src\Renderer\OrthographicCamera.cpp">
      <Filter>Source Files</Filter>
    </ClCompile>
    <ClCompile Include="src\Renderer\Camera.cpp">
      <Filter>Source Files</Filter>
    </ClCompile>
    <ClCompile Include="src\Events\Header.cpp">
      <Filter>Source Files</Filter>
    </ClCompile>
    <ClCompile Include="src\Events\InputState.cpp">
      <Filter>Source Files</Filter>
    </ClCompile>
    <ClCompile Include="src\Events\EventBus.cpp">
      <Filter>Source Files</Filter>
    </ClCompile>
    <ClCompile Include="src\Events\Dispatcher.cpp">
      <Filter>Source Files</Filter>
    </ClCompile>
    <ClCompile Include="src\Platform\Time.cpp">
      <Filter>Source Files</Filter>
    </ClCompile>
    <ClCompile Include="src\Scene\Scene.cpp">
      <Filter>Source Files</Filter>
    </ClCompile>
    <ClCompile Include="src\Renderer\SceneRenderer.cpp">
      <Filter>Source Files</Filter>
    </ClCompile>
  </ItemGroup>
</Project>